--- 
dependencies: 
  ruby-debug: 
    group: 
    - :development
    version: ">= 0"
  tzinfo: 
    group: 
    - :development
    version: ">= 0"
  datamapper: 
    group: 
    - :development
    version: = 0.10.2
  mongo: 
    group: 
    - :development
    version: = 1.0.2
  ZenTest: 
    group: 
    - :development
    version: ">= 0"
  activerecord: 
    group: 
    - :development
    version: ">= 0"
  mongo_mapper: 
    group: 
    - :development
    version: ">= 0"
  mongo_ext: 
    group: 
    - :development
    version: = 0.19.3
  mysql: 
    group: 
    - :development
    version: ">= 0"
  data_objects: 
    group: 
    - :development
    version: ">= 0"
  rake: 
    group: 
    - :development
    version: ">= 0"
  sqlite3-ruby: 
    group: 
    - :development
    version: ">= 0"
  couch_potato: 
    group: 
    - :development
    version: ">= 0"
  rspec: 
    group: 
    - :development
    version: = 1.3.0
  bson: 
    group: 
    - :development
    version: = 1.0.2
  jeweler: 
    group: 
    - :development
    version: ">= 0"
  bundler: 
    group: 
    - :development
    version: ">= 0"
  mongoid: 
    group: 
    - :development
    version: = 1.9.0
  cucumber: 
    group: 
    - :development
    version: ">= 0"
  json_pure: 
    group: 
    - :development
    version: = 1.2.0
  activesupport: 
    group: 
    - :development
    version: <= 2.3.5
  do_sqlite3: 
    group: 
    - :development
    version: ">= 0"
specs: 
- rake: 
    version: 0.8.7
- ZenTest: 
    version: 4.3.2
- activesupport: 
    version: 2.3.5
- activerecord: 
    version: 2.3.5
- addressable: 
    version: 2.1.2
- bcrypt-ruby: 
    version: 2.1.2
- bson: 
    version: 1.0.2
- builder: 
    version: 2.1.2
- bundler: 
    version: 0.9.26
- columnize: 
    version: 0.3.1
- mime-types: 
    version: "1.16"
- rest-client: 
    version: 1.5.1
- couchrest: 
    version: "0.37"
- json: 
    version: 1.4.3
- couch_potato: 
    version: 0.2.31
- diff-lcs: 
    version: 1.1.2
- json_pure: 
    version: 1.2.0
- polyglot: 
    version: 0.3.1
- term-ansicolor: 
    version: 1.0.5
- treetop: 
    version: 1.4.8
- cucumber: 
    version: 0.6.4
- data_objects: 
    version: 0.10.2
- extlib: 
    version: 0.9.15
- dm-core: 
    version: 0.10.2
- dm-aggregates: 
    version: 0.10.2
- dm-constraints: 
    version: 0.10.2
- dm-migrations: 
    version: 0.10.2
- fastercsv: 
    version: 1.5.3
- dm-serializer: 
    version: 0.10.2
- dm-timestamps: 
    version: 0.10.2
- stringex: 
    version: 1.1.0
- uuidtools: 
    version: 2.1.1
- dm-types: 
    version: 0.10.2
- dm-validations: 
    version: 0.10.2
- datamapper: 
    version: 0.10.2
- do_sqlite3: 
    version: 0.10.2
- durran-validatable: 
    version: 2.0.1
- gemcutter: 
    version: 0.5.0
- git: 
    version: 1.2.5
- rubyforge: 
    version: 2.0.4
- jeweler: 
    version: 1.4.0
- jnunemaker-validatable: 
    version: 1.8.4
- linecache: 
    version: "0.43"
- mongo: 
    version: 1.0.2
- mongo_ext: 
    version: 0.19.3
- plucky: 
    version: 0.2.1
- mongo_mapper: 
    version: 0.7.6
    source: 0
- will_paginate: 
    version: 2.3.14
- mongoid: 
    version: 1.9.0
- mysql: 
    version: 2.8.1
- rspec: 
    version: 1.3.0
- ruby-debug-base: 
    version: 0.10.3
- ruby-debug: 
    version: 0.10.3
- sqlite3-ruby: 
    version: 1.3.0
- tzinfo: 
    version: 0.3.22
hash: 8e87490eff1e76efe5e75a0c7380657e6d50ed93
sources: 
- Git: 
    uri: git://github.com/JonRowe/mongomapper.git
    git: git://github.com/JonRowe/mongomapper.git
    ref: c93703c266085ad021a0d9987f7efa0ebd82b5ea
- Rubygems: 
    uri: http://rubygems.org
